
Microsoft Visual Studio Solution File, Format Version 12.00
# Visual Studio Version 16
VisualStudioVersion = 16.0.31129.286
MinimumVisualStudioVersion = 10.0.40219.1
Project("{FAE04EC0-301F-11D3-BF4B-00C04F79EFBC}") = "MyRabbitConsumer", "MyRabbitConsumer.csproj", "{9441781E-4361-4302-BA8C-01C4233FE1F9}"
EndProject
Global
	GlobalSection(SolutionConfigurationPlatforms) = preSolution
		Debug|Any CPU = Debug|Any CPU
		Release|Any CPU = Release|Any CPU
	EndGlobalSection
	GlobalSection(ProjectConfigurationPlatforms) = postSolution
		{9441781E-4361-4302-BA8C-01C4233FE1F9}.Debug|Any CPU.ActiveCfg = Debug|Any CPU
		{9441781E-4361-4302-BA8C-01C4233FE1F9}.Debug|Any CPU.Build.0 = Debug|Any CPU
		{9441781E-4361-4302-BA8C-01C4233FE1F9}.Release|Any CPU.ActiveCfg = Release|Any CPU
		{9441781E-4361-4302-BA8C-01C4233FE1F9}.Release|Any CPU.Build.0 = Release|Any CPU
	EndGlobalSection
	GlobalSection(SolutionProperties) = preSolution
		HideSolutionNode = FALSE
	EndGlobalSection
	GlobalSection(ExtensibilityGlobals) = postSolution
		SolutionGuid = {006C882E-46CC-4F15-97E8-0EBF703AC136}
	EndGlobalSection
EndGlobal
